{
    "_readme": [
        "This file locks the dependencies of your project to a known state",
        "Read more about it at https://getcomposer.org/doc/01-basic-usage.md#installing-dependencies",
        "This file is @generated automatically"
    ],
    "content-hash": "ff0dea15d5c6e91d1d51d380247ad5a7",
    "packages": [
        {
            "name": "afragen/wp-dependency-installer",
            "version": "4.2.2",
            "source": {
                "type": "git",
                "url": "https://github.com/afragen/wp-dependency-installer.git",
                "reference": "5e5419348c6cde7b02f3c33fb3fc3381062443a1"
            },
            "dist": {
                "type": "zip",
                "url": "https://api.github.com/repos/afragen/wp-dependency-installer/zipball/5e5419348c6cde7b02f3c33fb3fc3381062443a1",
                "reference": "5e5419348c6cde7b02f3c33fb3fc3381062443a1",
                "shasum": ""
            },
            "require": {
                "afragen/wp-dismiss-notice": "*",
                "php": ">=5.6"
            },
            "type": "library",
            "autoload": {
                "classmap": [
                    "wp-dependency-installer.php",
                    "wp-dependency-installer-skin.php"
                ]
            },
            "notification-url": "https://packagist.org/downloads/",
            "license": [
                "MIT"
            ],
            "authors": [
                {
                    "name": "Andy Fragen",
                    "email": "andy@thefragens.com",
                    "homepage": "https://thefragens.com",
                    "role": "Developer"
                },
                {
                    "name": "Matt Gibbs",
                    "homepage": "https://facetwp.com",
                    "role": "Developer"
                },
                {
                    "name": "Raruto",
                    "homepage": "https://raruto.github.io",
                    "role": "Developer"
                }
            ],
            "description": "Library that helps WordPress plugin dependency management.",
            "support": {
                "issues": "https://github.com/afragen/wp-dependency-installer/issues",
                "source": "https://github.com/afragen/wp-dependency-installer"
            },
            "funding": [
                {
                    "url": "https://github.com/afragen",
                    "type": "github"
                }
            ],
            "time": "2021-09-26T22:10:22+00:00"
        },
        {
            "name": "afragen/wp-dismiss-notice",
            "version": "0.2.1",
            "source": {
                "type": "git",
                "url": "https://github.com/afragen/wp-dismiss-notice.git",
                "reference": "a0ced9836671d1374ed5d7f47e63ca313f5f54b9"
            },
            "dist": {
                "type": "zip",
                "url": "https://api.github.com/repos/afragen/wp-dismiss-notice/zipball/a0ced9836671d1374ed5d7f47e63ca313f5f54b9",
                "reference": "a0ced9836671d1374ed5d7f47e63ca313f5f54b9",
                "shasum": ""
            },
            "require": {
                "php": ">=5.6"
            },
            "type": "library",
            "autoload": {
                "classmap": [
                    "wp-dismiss-notice.php"
                ]
            },
            "notification-url": "https://packagist.org/downloads/",
            "license": [
                "MIT"
            ],
            "authors": [
                {
                    "name": "Andy Fragen",
                    "email": "andy@thefragens.com",
                    "homepage": "https://thefragens.com",
                    "role": "Developer"
                }
            ],
            "description": "Library for time dismissible WordPress admin notices.",
            "support": {
                "issues": "https://github.com/afragen/wp-dismiss-notice/issues",
                "source": "https://github.com/afragen/wp-dismiss-notice"
            },
            "time": "2021-09-26T22:09:34+00:00"
        }
    ],
    "packages-dev": [],
    "aliases": [],
    "minimum-stability": "stable",
    "stability-flags": [],
    "prefer-stable": false,
    "prefer-lowest": false,
    "platform": [],
    "platform-dev": [],
    "plugin-api-version": "2.0.0"
}
